
Microsoft Visual Studio Solution File, Format Version 12.00
# Visual Studio Version 16
VisualStudioVersion = 16.0.31424.327
MinimumVisualStudioVersion = 10.0.40219.1
Project("{9A19103F-16F7-4668-BE54-9A1E7A4F7556}") = "01.1", "01.1\01.1.csproj", "{3E782D8D-C199-47A2-B54F-ADBD837FC903}"
EndProject
Project("{FAE04EC0-301F-11D3-BF4B-00C04F79EFBC}") = "01.2", "01.2\01.2.csproj", "{3C51035D-699C-46BF-AE78-BF3845E6E31B}"
EndProject
Global
	GlobalSection(SolutionConfigurationPlatforms) = preSolution
		Debug|Any CPU = Debug|Any CPU
		Release|Any CPU = Release|Any CPU
	EndGlobalSection
	GlobalSection(ProjectConfigurationPlatforms) = postSolution
		{3E782D8D-C199-47A2-B54F-ADBD837FC903}.Debug|Any CPU.ActiveCfg = Debug|Any CPU
		{3E782D8D-C199-47A2-B54F-ADBD837FC903}.Debug|Any CPU.Build.0 = Debug|Any CPU
		{3E782D8D-C199-47A2-B54F-ADBD837FC903}.Release|Any CPU.ActiveCfg = Release|Any CPU
		{3E782D8D-C199-47A2-B54F-ADBD837FC903}.Release|Any CPU.Build.0 = Release|Any CPU
		{3C51035D-699C-46BF-AE78-BF3845E6E31B}.Debug|Any CPU.ActiveCfg = Debug|Any CPU
		{3C51035D-699C-46BF-AE78-BF3845E6E31B}.Debug|Any CPU.Build.0 = Debug|Any CPU
		{3C51035D-699C-46BF-AE78-BF3845E6E31B}.Release|Any CPU.ActiveCfg = Release|Any CPU
		{3C51035D-699C-46BF-AE78-BF3845E6E31B}.Release|Any CPU.Build.0 = Release|Any CPU
	EndGlobalSection
	GlobalSection(SolutionProperties) = preSolution
		HideSolutionNode = FALSE
	EndGlobalSection
	GlobalSection(ExtensibilityGlobals) = postSolution
		SolutionGuid = {640E7845-F19B-4565-BF33-2025F84D7317}
	EndGlobalSection
EndGlobal
