
Microsoft Visual Studio Solution File, Format Version 12.00
# Visual Studio Version 16
VisualStudioVersion = 16.0.31424.327
MinimumVisualStudioVersion = 10.0.40219.1
Project("{9A19103F-16F7-4668-BE54-9A1E7A4F7556}") = "01.1", "01.1\01.1.csproj", "{3E782D8D-C199-47A2-B54F-ADBD837FC903}"
EndProject
Project("{9A19103F-16F7-4668-BE54-9A1E7A4F7556}") = "01.2", "01.2\01.2.csproj", "{3C51035D-699C-46BF-AE78-BF3845E6E31B}"
EndProject
Project("{9A19103F-16F7-4668-BE54-9A1E7A4F7556}") = "02.1", "02.1\02.1.csproj", "{2D1D01D9-C07F-42A8-833B-C2DEDBCF4A36}"
EndProject
Project("{9A19103F-16F7-4668-BE54-9A1E7A4F7556}") = "02.2", "02.2\02.2.csproj", "{934C476A-57C6-4EB0-A5FC-9D3D533BFCD2}"
EndProject
Project("{9A19103F-16F7-4668-BE54-9A1E7A4F7556}") = "03.1", "03.1\03.1.csproj", "{6CC42739-ADB3-4CAE-BA80-313C52FE10AF}"
EndProject
Project("{9A19103F-16F7-4668-BE54-9A1E7A4F7556}") = "03.2", "03.2\03.2.csproj", "{2F6B726B-D805-44A3-AA73-55C38BC268E2}"
EndProject
Project("{FAE04EC0-301F-11D3-BF4B-00C04F79EFBC}") = "04.1", "04.1\04.1.csproj", "{818C1711-BFD7-4F58-82D6-DEAB49EA21AC}"
EndProject
Project("{FAE04EC0-301F-11D3-BF4B-00C04F79EFBC}") = "04.2", "04.2\04.2.csproj", "{D4480C57-D66C-49AC-A6D7-593218D0DBFB}"
EndProject
Global
	GlobalSection(SolutionConfigurationPlatforms) = preSolution
		Debug|Any CPU = Debug|Any CPU
		Release|Any CPU = Release|Any CPU
	EndGlobalSection
	GlobalSection(ProjectConfigurationPlatforms) = postSolution
		{3E782D8D-C199-47A2-B54F-ADBD837FC903}.Debug|Any CPU.ActiveCfg = Debug|Any CPU
		{3E782D8D-C199-47A2-B54F-ADBD837FC903}.Debug|Any CPU.Build.0 = Debug|Any CPU
		{3E782D8D-C199-47A2-B54F-ADBD837FC903}.Release|Any CPU.ActiveCfg = Release|Any CPU
		{3E782D8D-C199-47A2-B54F-ADBD837FC903}.Release|Any CPU.Build.0 = Release|Any CPU
		{3C51035D-699C-46BF-AE78-BF3845E6E31B}.Debug|Any CPU.ActiveCfg = Debug|Any CPU
		{3C51035D-699C-46BF-AE78-BF3845E6E31B}.Debug|Any CPU.Build.0 = Debug|Any CPU
		{3C51035D-699C-46BF-AE78-BF3845E6E31B}.Release|Any CPU.ActiveCfg = Release|Any CPU
		{3C51035D-699C-46BF-AE78-BF3845E6E31B}.Release|Any CPU.Build.0 = Release|Any CPU
		{2D1D01D9-C07F-42A8-833B-C2DEDBCF4A36}.Debug|Any CPU.ActiveCfg = Debug|Any CPU
		{2D1D01D9-C07F-42A8-833B-C2DEDBCF4A36}.Debug|Any CPU.Build.0 = Debug|Any CPU
		{2D1D01D9-C07F-42A8-833B-C2DEDBCF4A36}.Release|Any CPU.ActiveCfg = Release|Any CPU
		{2D1D01D9-C07F-42A8-833B-C2DEDBCF4A36}.Release|Any CPU.Build.0 = Release|Any CPU
		{934C476A-57C6-4EB0-A5FC-9D3D533BFCD2}.Debug|Any CPU.ActiveCfg = Debug|Any CPU
		{934C476A-57C6-4EB0-A5FC-9D3D533BFCD2}.Debug|Any CPU.Build.0 = Debug|Any CPU
		{934C476A-57C6-4EB0-A5FC-9D3D533BFCD2}.Release|Any CPU.ActiveCfg = Release|Any CPU
		{934C476A-57C6-4EB0-A5FC-9D3D533BFCD2}.Release|Any CPU.Build.0 = Release|Any CPU
		{6CC42739-ADB3-4CAE-BA80-313C52FE10AF}.Debug|Any CPU.ActiveCfg = Debug|Any CPU
		{6CC42739-ADB3-4CAE-BA80-313C52FE10AF}.Debug|Any CPU.Build.0 = Debug|Any CPU
		{6CC42739-ADB3-4CAE-BA80-313C52FE10AF}.Release|Any CPU.ActiveCfg = Release|Any CPU
		{6CC42739-ADB3-4CAE-BA80-313C52FE10AF}.Release|Any CPU.Build.0 = Release|Any CPU
		{2F6B726B-D805-44A3-AA73-55C38BC268E2}.Debug|Any CPU.ActiveCfg = Debug|Any CPU
		{2F6B726B-D805-44A3-AA73-55C38BC268E2}.Debug|Any CPU.Build.0 = Debug|Any CPU
		{2F6B726B-D805-44A3-AA73-55C38BC268E2}.Release|Any CPU.ActiveCfg = Release|Any CPU
		{2F6B726B-D805-44A3-AA73-55C38BC268E2}.Release|Any CPU.Build.0 = Release|Any CPU
		{818C1711-BFD7-4F58-82D6-DEAB49EA21AC}.Debug|Any CPU.ActiveCfg = Debug|Any CPU
		{818C1711-BFD7-4F58-82D6-DEAB49EA21AC}.Debug|Any CPU.Build.0 = Debug|Any CPU
		{818C1711-BFD7-4F58-82D6-DEAB49EA21AC}.Release|Any CPU.ActiveCfg = Release|Any CPU
		{818C1711-BFD7-4F58-82D6-DEAB49EA21AC}.Release|Any CPU.Build.0 = Release|Any CPU
		{D4480C57-D66C-49AC-A6D7-593218D0DBFB}.Debug|Any CPU.ActiveCfg = Debug|Any CPU
		{D4480C57-D66C-49AC-A6D7-593218D0DBFB}.Debug|Any CPU.Build.0 = Debug|Any CPU
		{D4480C57-D66C-49AC-A6D7-593218D0DBFB}.Release|Any CPU.ActiveCfg = Release|Any CPU
		{D4480C57-D66C-49AC-A6D7-593218D0DBFB}.Release|Any CPU.Build.0 = Release|Any CPU
	EndGlobalSection
	GlobalSection(SolutionProperties) = preSolution
		HideSolutionNode = FALSE
	EndGlobalSection
	GlobalSection(ExtensibilityGlobals) = postSolution
		SolutionGuid = {640E7845-F19B-4565-BF33-2025F84D7317}
	EndGlobalSection
EndGlobal
